
Microsoft Visual Studio Solution File, Format Version 12.00
# Visual Studio for Mac
Project("{FAE04EC0-301F-11D3-BF4B-00C04F79EFBC}") = "teashop", "Assembly-CSharp.csproj", "{56A3EA8E-F5A4-9084-A938-17574D3E2659}"
EndProject
Global
	GlobalSection(SolutionConfigurationPlatforms) = preSolution
		Debug|Any CPU = Debug|Any CPU
		Release|Any CPU = Release|Any CPU
	EndGlobalSection
	GlobalSection(ProjectConfigurationPlatforms) = postSolution
		{56A3EA8E-F5A4-9084-A938-17574D3E2659}.Debug|Any CPU.ActiveCfg = Debug|Any CPU
		{56A3EA8E-F5A4-9084-A938-17574D3E2659}.Debug|Any CPU.Build.0 = Debug|Any CPU
		{56A3EA8E-F5A4-9084-A938-17574D3E2659}.Release|Any CPU.ActiveCfg = Release|Any CPU
		{56A3EA8E-F5A4-9084-A938-17574D3E2659}.Release|Any CPU.Build.0 = Release|Any CPU
	EndGlobalSection
	GlobalSection(SolutionProperties) = preSolution
		HideSolutionNode = FALSE
	EndGlobalSection
EndGlobal
